
Microsoft Visual Studio Solution File, Format Version 12.00
# Visual Studio Version 16
VisualStudioVersion = 16.0.31613.86
MinimumVisualStudioVersion = 10.0.40219.1
Project("{FAE04EC0-301F-11D3-BF4B-00C04F79EFBC}") = "MKSoft.JsonFile", "MKSoft.JsonFile\MKSoft.JsonFile.csproj", "{F36C2C59-ED43-4497-9B7C-13A93EE4ECBA}"
EndProject
Global
	GlobalSection(SolutionConfigurationPlatforms) = preSolution
		Debug|Any CPU = Debug|Any CPU
		Release|Any CPU = Release|Any CPU
	EndGlobalSection
	GlobalSection(ProjectConfigurationPlatforms) = postSolution
		{F36C2C59-ED43-4497-9B7C-13A93EE4ECBA}.Debug|Any CPU.ActiveCfg = Debug|Any CPU
		{F36C2C59-ED43-4497-9B7C-13A93EE4ECBA}.Debug|Any CPU.Build.0 = Debug|Any CPU
		{F36C2C59-ED43-4497-9B7C-13A93EE4ECBA}.Release|Any CPU.ActiveCfg = Release|Any CPU
		{F36C2C59-ED43-4497-9B7C-13A93EE4ECBA}.Release|Any CPU.Build.0 = Release|Any CPU
	EndGlobalSection
	GlobalSection(SolutionProperties) = preSolution
		HideSolutionNode = FALSE
	EndGlobalSection
	GlobalSection(ExtensibilityGlobals) = postSolution
		SolutionGuid = {1E7DCECF-A57D-49CC-98B5-EB720CEBEF5D}
	EndGlobalSection
EndGlobal
